Microsoft Visual Studio Solution File, Format Version 12.00
# Visual Studio Version 16
VisualStudioVersion = 16.0.0.0
MinimumVisualStudioVersion = 16.0.0.0
Project("{9A19103F-16F7-4668-BE54-9A1E7A4F7556}") = "HostedTest.Server", "HostedTest.Server\HostedTest.Server.csproj", "{6DF846C1-A42A-423F-BDC7-4A3DB0CC94C0}"
EndProject
Project("{9A19103F-16F7-4668-BE54-9A1E7A4F7556}") = "HostedTest.Client", "HostedTest.Client\HostedTest.Client.csproj", "{2D9A65ED-2F0E-4AC9-9BC4-95E45443B45F}"
EndProject
Project("{9A19103F-16F7-4668-BE54-9A1E7A4F7556}") = "HostedTest.Shared", "HostedTest.Shared\HostedTest.Shared.csproj", "{365B3D08-5CF8-4246-BAA1-95A8143999B1}"
EndProject
Global
	GlobalSection(SolutionConfigurationPlatforms) = preSolution
		Debug|Any CPU = Debug|Any CPU
		Debug|x64 = Debug|x64
		Debug|x86 = Debug|x86
		Release|Any CPU = Release|Any CPU
		Release|x64 = Release|x64
		Release|x86 = Release|x86
	EndGlobalSection
	GlobalSection(ProjectConfigurationPlatforms) = postSolution
		{2D9A65ED-2F0E-4AC9-9BC4-95E45443B45F}.Debug|Any CPU.ActiveCfg = Debug|Any CPU
		{2D9A65ED-2F0E-4AC9-9BC4-95E45443B45F}.Debug|Any CPU.Build.0 = Debug|Any CPU
		{2D9A65ED-2F0E-4AC9-9BC4-95E45443B45F}.Debug|x64.ActiveCfg = Debug|Any CPU
		{2D9A65ED-2F0E-4AC9-9BC4-95E45443B45F}.Debug|x64.Build.0 = Debug|Any CPU
		{2D9A65ED-2F0E-4AC9-9BC4-95E45443B45F}.Debug|x86.ActiveCfg = Debug|Any CPU
		{2D9A65ED-2F0E-4AC9-9BC4-95E45443B45F}.Debug|x86.Build.0 = Debug|Any CPU
		{2D9A65ED-2F0E-4AC9-9BC4-95E45443B45F}.Release|Any CPU.ActiveCfg = Release|Any CPU
		{2D9A65ED-2F0E-4AC9-9BC4-95E45443B45F}.Release|Any CPU.Build.0 = Release|Any CPU
		{2D9A65ED-2F0E-4AC9-9BC4-95E45443B45F}.Release|x64.ActiveCfg = Release|Any CPU
		{2D9A65ED-2F0E-4AC9-9BC4-95E45443B45F}.Release|x64.Build.0 = Release|Any CPU
		{2D9A65ED-2F0E-4AC9-9BC4-95E45443B45F}.Release|x86.ActiveCfg = Release|Any CPU
		{2D9A65ED-2F0E-4AC9-9BC4-95E45443B45F}.Release|x86.Build.0 = Release|Any CPU
		{6DF846C1-A42A-423F-BDC7-4A3DB0CC94C0}.Debug|Any CPU.ActiveCfg = Debug|Any CPU
		{6DF846C1-A42A-423F-BDC7-4A3DB0CC94C0}.Debug|Any CPU.Build.0 = Debug|Any CPU
		{6DF846C1-A42A-423F-BDC7-4A3DB0CC94C0}.Debug|x64.ActiveCfg = Debug|Any CPU
		{6DF846C1-A42A-423F-BDC7-4A3DB0CC94C0}.Debug|x64.Build.0 = Debug|Any CPU
		{6DF846C1-A42A-423F-BDC7-4A3DB0CC94C0}.Debug|x86.ActiveCfg = Debug|Any CPU
		{6DF846C1-A42A-423F-BDC7-4A3DB0CC94C0}.Debug|x86.Build.0 = Debug|Any CPU
		{6DF846C1-A42A-423F-BDC7-4A3DB0CC94C0}.Release|Any CPU.ActiveCfg = Release|Any CPU
		{6DF846C1-A42A-423F-BDC7-4A3DB0CC94C0}.Release|Any CPU.Build.0 = Release|Any CPU
		{6DF846C1-A42A-423F-BDC7-4A3DB0CC94C0}.Release|x64.ActiveCfg = Release|Any CPU
		{6DF846C1-A42A-423F-BDC7-4A3DB0CC94C0}.Release|x64.Build.0 = Release|Any CPU
		{6DF846C1-A42A-423F-BDC7-4A3DB0CC94C0}.Release|x86.ActiveCfg = Release|Any CPU
		{6DF846C1-A42A-423F-BDC7-4A3DB0CC94C0}.Release|x86.Build.0 = Release|Any CPU
		{365B3D08-5CF8-4246-BAA1-95A8143999B1}.Debug|Any CPU.ActiveCfg = Debug|Any CPU
		{365B3D08-5CF8-4246-BAA1-95A8143999B1}.Debug|Any CPU.Build.0 = Debug|Any CPU
		{365B3D08-5CF8-4246-BAA1-95A8143999B1}.Debug|x64.ActiveCfg = Debug|Any CPU
		{365B3D08-5CF8-4246-BAA1-95A8143999B1}.Debug|x64.Build.0 = Debug|Any CPU
		{365B3D08-5CF8-4246-BAA1-95A8143999B1}.Debug|x86.ActiveCfg = Debug|Any CPU
		{365B3D08-5CF8-4246-BAA1-95A8143999B1}.Debug|x86.Build.0 = Debug|Any CPU
		{365B3D08-5CF8-4246-BAA1-95A8143999B1}.Release|Any CPU.ActiveCfg = Release|Any CPU
		{365B3D08-5CF8-4246-BAA1-95A8143999B1}.Release|Any CPU.Build.0 = Release|Any CPU
		{365B3D08-5CF8-4246-BAA1-95A8143999B1}.Release|x64.ActiveCfg = Release|Any CPU
		{365B3D08-5CF8-4246-BAA1-95A8143999B1}.Release|x64.Build.0 = Release|Any CPU
		{365B3D08-5CF8-4246-BAA1-95A8143999B1}.Release|x86.ActiveCfg = Release|Any CPU
		{365B3D08-5CF8-4246-BAA1-95A8143999B1}.Release|x86.Build.0 = Release|Any CPU
	EndGlobalSection
	GlobalSection(SolutionProperties) = preSolution
		HideSolutionNode = FALSE
	EndGlobalSection
	GlobalSection(ExtensibilityGlobals) = postSolution
		SolutionGuid = {B8D78FED-164E-45A7-B25F-ADEB8277A3AD}
	EndGlobalSection
EndGlobal
